{
  "nodes": {
    "aquamarine": {
      "inputs": {
        "hyprutils": [
          "hyprland",
          "hyprutils"
        ],
        "hyprwayland-scanner": [
          "hyprland",
          "hyprwayland-scanner"
        ],
        "nixpkgs": [
          "hyprland",
          "nixpkgs"
        ],
        "systems": [
          "hyprland",
          "systems"
        ]
      },
      "locked": {
        "lastModified": 1736702516,
        "narHash": "sha256-NbJiiPFnmciji3JHpqF/L0SdMQXKXn+q3Q/D8RjF/ak=",
        "owner": "hyprwm",
        "repo": "aquamarine",
        "rev": "e7719f9b9f5321c7100733773ad9f38cb6db6b6f",
        "type": "github"
      },
      "original": {
        "owner": "hyprwm",
        "repo": "aquamarine",
        "type": "github"
      }
    },
    "base16-schemes": {
      "flake": false,
      "locked": {
        "lastModified": 1696158499,
        "narHash": "sha256-5yIHgDTPjoX/3oDEfLSQ0eJZdFL1SaCfb9d6M0RmOTM=",
        "owner": "tinted-theming",
        "repo": "base16-schemes",
        "rev": "a9112eaae86d9dd8ee6bb9445b664fba2f94037a",
        "type": "github"
      },
      "original": {
        "owner": "tinted-theming",
        "repo": "base16-schemes",
        "type": "github"
      }
    },
    "catppuccin": {
      "inputs": {
        "nixpkgs": "nixpkgs"
      },
      "locked": {
<<<<<<< HEAD
        "lastModified": 1737579274,
        "narHash": "sha256-8kBIYfn8TI9jbffhDNS12SdbQHb9ITXflwcgIJBeGqw=",
||||||| parent of ac4d414 (Update & tmux/nvim/kicad thinkering)
        "lastModified": 1736785029,
        "narHash": "sha256-xHe4X4Je/4WjBL3BPlI1KGqA5N7VQpi4x57YYU9ZOlI=",
=======
        "lastModified": 1738834647,
        "narHash": "sha256-NdetLk2Ie+syABcq/1MWSpqInhkODItR0xRkwDvWlpk=",
>>>>>>> ac4d414 (Update & tmux/nvim/kicad thinkering)
        "owner": "catppuccin",
        "repo": "nix",
<<<<<<< HEAD
        "rev": "06f0ea19334bcc8112e6d671fd53e61f9e3ad63a",
||||||| parent of ac4d414 (Update & tmux/nvim/kicad thinkering)
        "rev": "4a5ac694d7f8a63dec75cbe0ac1c84c818b6b789",
=======
        "rev": "7f2e0e709ad3e47a2ae0e735168438144c134947",
>>>>>>> ac4d414 (Update & tmux/nvim/kicad thinkering)
        "type": "github"
      },
      "original": {
        "owner": "catppuccin",
        "repo": "nix",
        "type": "github"
      }
    },
    "flake-compat": {
      "flake": false,
      "locked": {
        "lastModified": 1696426674,
        "narHash": "sha256-kvjfFW7WAETZlt09AgDn1MrtKzP7t90Vf7vypd3OL1U=",
        "owner": "edolstra",
        "repo": "flake-compat",
        "rev": "0f9255e01c2351cc7d116c072cb317785dd33b33",
        "type": "github"
      },
      "original": {
        "owner": "edolstra",
        "repo": "flake-compat",
        "type": "github"
      }
    },
    "flake-utils": {
      "inputs": {
        "systems": "systems"
      },
      "locked": {
        "lastModified": 1731533236,
        "narHash": "sha256-l0KFg5HjrsfsO/JpG+r7fRrqm12kzFHyUHqHCVpMMbI=",
        "owner": "numtide",
        "repo": "flake-utils",
        "rev": "11707dc2f618dd54ca8739b309ec4fc024de578b",
        "type": "github"
      },
      "original": {
        "owner": "numtide",
        "repo": "flake-utils",
        "type": "github"
      }
    },
    "flake-utils_2": {
      "locked": {
        "lastModified": 1659877975,
        "narHash": "sha256-zllb8aq3YO3h8B/U0/J1WBgAL8EX5yWf5pMj3G0NAmc=",
        "owner": "numtide",
        "repo": "flake-utils",
        "rev": "c0e246b9b83f637f4681389ecabcb2681b4f3af0",
        "type": "github"
      },
      "original": {
        "owner": "numtide",
        "repo": "flake-utils",
        "type": "github"
      }
    },
    "gitignore": {
      "inputs": {
        "nixpkgs": [
          "hyprland",
          "pre-commit-hooks",
          "nixpkgs"
        ]
      },
      "locked": {
        "lastModified": 1709087332,
        "narHash": "sha256-HG2cCnktfHsKV0s4XW83gU3F57gaTljL9KNSuG6bnQs=",
        "owner": "hercules-ci",
        "repo": "gitignore.nix",
        "rev": "637db329424fd7e46cf4185293b9cc8c88c95394",
        "type": "github"
      },
      "original": {
        "owner": "hercules-ci",
        "repo": "gitignore.nix",
        "type": "github"
      }
    },
    "home-manager": {
      "inputs": {
        "nixpkgs": [
          "nixpkgs"
        ]
      },
      "locked": {
<<<<<<< HEAD
        "lastModified": 1737575492,
        "narHash": "sha256-qa/D3NC1JoApnUuLrq1gseBmIxeg6icm/ojPgggMDVQ=",
||||||| parent of ac4d414 (Update & tmux/nvim/kicad thinkering)
        "lastModified": 1736508663,
        "narHash": "sha256-ZOaGwa+WnB7Zn3YXimqjmIugAnHePdXCmNu+AHkq808=",
=======
        "lastModified": 1739044880,
        "narHash": "sha256-l+bzq9rsBIQQnBtGayJeOS30L53+mYPjgfQALi20XDg=",
>>>>>>> ac4d414 (Update & tmux/nvim/kicad thinkering)
        "owner": "nix-community",
        "repo": "home-manager",
<<<<<<< HEAD
        "rev": "cefb1889b96ddd1dac3dd4734e894f4cadab7802",
||||||| parent of ac4d414 (Update & tmux/nvim/kicad thinkering)
        "rev": "2532b500c3ed2b8940e831039dcec5a5ea093afc",
        "type": "github"
      },
      "original": {
        "owner": "nix-community",
        "repo": "home-manager",
        "type": "github"
      }
    },
    "home-manager-stable": {
      "inputs": {
        "nixpkgs": [
          "catppuccin",
          "nixpkgs-stable"
        ]
      },
      "locked": {
        "lastModified": 1736373539,
        "narHash": "sha256-dinzAqCjenWDxuy+MqUQq0I4zUSfaCvN9rzuCmgMZJY=",
        "owner": "nix-community",
        "repo": "home-manager",
        "rev": "bd65bc3cde04c16755955630b344bc9e35272c56",
        "type": "github"
      },
      "original": {
        "owner": "nix-community",
        "ref": "release-24.11",
        "repo": "home-manager",
        "type": "github"
      }
    },
    "home-manager_2": {
      "inputs": {
        "nixpkgs": [
          "nixpkgs"
        ]
      },
      "locked": {
        "lastModified": 1736785676,
        "narHash": "sha256-TY0jUwR3EW0fnS0X5wXMAVy6h4Z7Y6a3m+Yq++C9AyE=",
        "owner": "nix-community",
        "repo": "home-manager",
        "rev": "fc52a210b60f2f52c74eac41a8647c1573d2071d",
=======
        "rev": "bf9a1a068919ccdfa7d130873936c5fd4c826e85",
>>>>>>> ac4d414 (Update & tmux/nvim/kicad thinkering)
        "type": "github"
      },
      "original": {
        "owner": "nix-community",
        "ref": "master",
        "repo": "home-manager",
        "type": "github"
      }
    },
    "hyprcursor": {
      "inputs": {
        "hyprlang": [
          "hyprland",
          "hyprlang"
        ],
        "nixpkgs": [
          "hyprland",
          "nixpkgs"
        ],
        "systems": [
          "hyprland",
          "systems"
        ]
      },
      "locked": {
<<<<<<< HEAD
        "lastModified": 1737391116,
        "narHash": "sha256-wOlplOftCnD2J1VwkRiAzASiXi80LypWqhVJcBYuLG8=",
||||||| parent of ac4d414 (Update & tmux/nvim/kicad thinkering)
        "lastModified": 1734906540,
        "narHash": "sha256-vQ/L9hZFezC0LquLo4TWXkyniWtYBlFHAKIsDc7PYJE=",
=======
        "lastModified": 1738178255,
        "narHash": "sha256-+D6Nu2ewXbMTFzx/Q4jDOo+LAOUPr0cxQJg5k33daIE=",
>>>>>>> ac4d414 (Update & tmux/nvim/kicad thinkering)
        "owner": "hyprwm",
        "repo": "hyprcursor",
<<<<<<< HEAD
        "rev": "3219b311283803d4dbdacb3c5cc10cf9e9b7c2b5",
||||||| parent of ac4d414 (Update & tmux/nvim/kicad thinkering)
        "rev": "69270ba8f057d55b0e6c2dca0e165d652856e613",
=======
        "rev": "dcadd3398abe146d60c67e0d9ee6e27b301cae82",
>>>>>>> ac4d414 (Update & tmux/nvim/kicad thinkering)
        "type": "github"
      },
      "original": {
        "owner": "hyprwm",
        "repo": "hyprcursor",
        "type": "github"
      }
    },
    "hyprgraphics": {
      "inputs": {
        "hyprutils": [
          "hyprland",
          "hyprutils"
        ],
        "nixpkgs": [
          "hyprland",
          "nixpkgs"
        ],
        "systems": [
          "hyprland",
          "systems"
        ]
      },
      "locked": {
        "lastModified": 1738437059,
        "narHash": "sha256-J+8ecqaP3zD9GHeN8Y4hUapoELSoggp0IZI8laTFt/0=",
        "owner": "hyprwm",
        "repo": "hyprgraphics",
        "rev": "5ac80e3686a4dfa55d2bd15c81a266b89594a295",
        "type": "github"
      },
      "original": {
        "owner": "hyprwm",
        "repo": "hyprgraphics",
        "type": "github"
      }
    },
    "hyprland": {
      "inputs": {
        "aquamarine": "aquamarine",
        "hyprcursor": "hyprcursor",
        "hyprgraphics": "hyprgraphics",
        "hyprland-protocols": "hyprland-protocols",
        "hyprland-qtutils": "hyprland-qtutils",
        "hyprlang": "hyprlang",
        "hyprutils": "hyprutils",
        "hyprwayland-scanner": "hyprwayland-scanner",
        "nixpkgs": "nixpkgs_2",
        "pre-commit-hooks": "pre-commit-hooks",
        "systems": "systems_2",
        "xdph": "xdph"
      },
      "locked": {
<<<<<<< HEAD
        "lastModified": 1737556066,
        "narHash": "sha256-7X0RvVxmqd2OxS8FsOapMvB5NEzRElT0+RmRFENL4yc=",
||||||| parent of ac4d414 (Update & tmux/nvim/kicad thinkering)
        "lastModified": 1736701836,
        "narHash": "sha256-K6bxd1ZbIQKcF1USNuupv+bsEk5GyidGS/zcTUTgWt8=",
=======
        "lastModified": 1739048455,
        "narHash": "sha256-hn3GGgilLPezJlIm82SZYN7jpIgbjVBELsGORIoYx+0=",
>>>>>>> ac4d414 (Update & tmux/nvim/kicad thinkering)
        "ref": "refs/heads/main",
<<<<<<< HEAD
        "rev": "fda5626594c3f31bbab08e877a797a623c98c450",
        "revCount": 5699,
||||||| parent of ac4d414 (Update & tmux/nvim/kicad thinkering)
        "rev": "a6b263713a2b862ed41362082e2147e081934077",
        "revCount": 5670,
=======
        "rev": "8e10ddb592977ef2e1836e75b0e5550ba8fb56f0",
        "revCount": 5801,
>>>>>>> ac4d414 (Update & tmux/nvim/kicad thinkering)
        "type": "git",
        "url": "https://github.com/hyprwm/Hyprland"
      },
      "original": {
        "type": "git",
        "url": "https://github.com/hyprwm/Hyprland"
      }
    },
    "hyprland-protocols": {
      "inputs": {
        "nixpkgs": [
          "hyprland",
          "nixpkgs"
        ],
        "systems": [
          "hyprland",
          "systems"
        ]
      },
      "locked": {
<<<<<<< HEAD
        "lastModified": 1737127640,
        "narHash": "sha256-mIQ3/axCZ4g8ySwWRbW4fJcyC9v55uAii3cqlJRtW8g=",
||||||| parent of ac4d414 (Update & tmux/nvim/kicad thinkering)
        "lastModified": 1735774328,
        "narHash": "sha256-vIRwLS9w+N99EU1aJ+XNOU6mJTxrUBa31i1r82l0V7s=",
=======
        "lastModified": 1738422629,
        "narHash": "sha256-5v+bv75wJWvahyM2xcMTSNNxmV8a7hb01Eey5zYnBJw=",
>>>>>>> ac4d414 (Update & tmux/nvim/kicad thinkering)
        "owner": "hyprwm",
        "repo": "hyprland-protocols",
<<<<<<< HEAD
        "rev": "455c055883d9639d4fcbfcedb4c6d12ce313791e",
||||||| parent of ac4d414 (Update & tmux/nvim/kicad thinkering)
        "rev": "e3b6af97ddcfaafbda8e2828c719a5af84f662cb",
=======
        "rev": "755aef8dab49d0fc4663c715fa4ad221b2aedaed",
>>>>>>> ac4d414 (Update & tmux/nvim/kicad thinkering)
        "type": "github"
      },
      "original": {
        "owner": "hyprwm",
        "repo": "hyprland-protocols",
        "type": "github"
      }
    },
<<<<<<< HEAD
    "hyprland-qt-support": {
      "inputs": {
        "nixpkgs": [
          "hyprland",
          "hyprland-qtutils",
          "nixpkgs"
        ],
        "systems": [
          "hyprland",
          "hyprland-qtutils",
          "systems"
        ]
      },
      "locked": {
        "lastModified": 1736376766,
        "narHash": "sha256-tZG+mkJJzqoi/gH8nN6P/yY1/PEYtom9+2WdYKKv5YM=",
        "owner": "hyprwm",
        "repo": "hyprland-qt-support",
        "rev": "0ecf224f213497c45b12c4dc7bdc2c2edd0e3084",
        "type": "github"
      },
      "original": {
        "owner": "hyprwm",
        "repo": "hyprland-qt-support",
        "type": "github"
      }
    },
||||||| parent of ac4d414 (Update & tmux/nvim/kicad thinkering)
=======
    "hyprland-qt-support": {
      "inputs": {
        "hyprlang": [
          "hyprland",
          "hyprland-qtutils",
          "hyprlang"
        ],
        "nixpkgs": [
          "hyprland",
          "hyprland-qtutils",
          "nixpkgs"
        ],
        "systems": [
          "hyprland",
          "hyprland-qtutils",
          "systems"
        ]
      },
      "locked": {
        "lastModified": 1737634706,
        "narHash": "sha256-nGCibkfsXz7ARx5R+SnisRtMq21IQIhazp6viBU8I/A=",
        "owner": "hyprwm",
        "repo": "hyprland-qt-support",
        "rev": "8810df502cdee755993cb803eba7b23f189db795",
        "type": "github"
      },
      "original": {
        "owner": "hyprwm",
        "repo": "hyprland-qt-support",
        "type": "github"
      }
    },
>>>>>>> ac4d414 (Update & tmux/nvim/kicad thinkering)
    "hyprland-qtutils": {
      "inputs": {
<<<<<<< HEAD
        "hyprland-qt-support": "hyprland-qt-support",
||||||| parent of ac4d414 (Update & tmux/nvim/kicad thinkering)
=======
        "hyprland-qt-support": "hyprland-qt-support",
        "hyprlang": [
          "hyprland",
          "hyprlang"
        ],
>>>>>>> ac4d414 (Update & tmux/nvim/kicad thinkering)
        "hyprutils": [
          "hyprland",
          "hyprland-qtutils",
          "hyprlang",
          "hyprutils"
        ],
        "nixpkgs": [
          "hyprland",
          "nixpkgs"
        ],
        "systems": [
          "hyprland",
          "systems"
        ]
      },
      "locked": {
<<<<<<< HEAD
        "lastModified": 1736774415,
        "narHash": "sha256-pb8v7axHdVKFGhQHEAxIuZP/9REsmlyuDW5eLGIplLc=",
||||||| parent of ac4d414 (Update & tmux/nvim/kicad thinkering)
        "lastModified": 1736114838,
        "narHash": "sha256-FxbuGQExtN37ToWYnGmO6weOYN6WPHN/RAqbr7gNPek=",
=======
        "lastModified": 1737981711,
        "narHash": "sha256-lh6cL5D8nPplB3WovCQjLUZ7k7MViiBrMlpkfm4R7/c=",
>>>>>>> ac4d414 (Update & tmux/nvim/kicad thinkering)
        "owner": "hyprwm",
        "repo": "hyprland-qtutils",
<<<<<<< HEAD
        "rev": "534cd1badc46ec9bdd986ab41ad2408bf845961e",
||||||| parent of ac4d414 (Update & tmux/nvim/kicad thinkering)
        "rev": "6997fe382dcf396704227d2b98ffdd5066da6959",
=======
        "rev": "96bf0677fa9cd13508294e3d4559dfbbc8beff73",
>>>>>>> ac4d414 (Update & tmux/nvim/kicad thinkering)
        "type": "github"
      },
      "original": {
        "owner": "hyprwm",
        "repo": "hyprland-qtutils",
        "type": "github"
      }
    },
    "hyprlang": {
      "inputs": {
        "hyprutils": [
          "hyprland",
          "hyprutils"
        ],
        "nixpkgs": [
          "hyprland",
          "nixpkgs"
        ],
        "systems": [
          "hyprland",
          "systems"
        ]
      },
      "locked": {
        "lastModified": 1737634606,
        "narHash": "sha256-W7W87Cv6wqZ9PHegI6rH1+ve3zJPiyevMFf0/HwdbCQ=",
        "owner": "hyprwm",
        "repo": "hyprlang",
        "rev": "f41271d35cc0f370d300413d756c2677f386af9d",
        "type": "github"
      },
      "original": {
        "owner": "hyprwm",
        "repo": "hyprlang",
        "type": "github"
      }
    },
    "hyprutils": {
      "inputs": {
        "nixpkgs": [
          "hyprland",
          "nixpkgs"
        ],
        "systems": [
          "hyprland",
          "systems"
        ]
      },
      "locked": {
<<<<<<< HEAD
        "lastModified": 1736613432,
        "narHash": "sha256-x7nMS1dFtlzgG13QoguKMZ6SKwSIQw82OANA5ZKF0d0=",
||||||| parent of ac4d414 (Update & tmux/nvim/kicad thinkering)
        "lastModified": 1736164519,
        "narHash": "sha256-1LimBKvDpBbeX+qW7T240WEyw+DBVpDotZB4JYm8Aps=",
=======
        "lastModified": 1737978343,
        "narHash": "sha256-TfFS0HCEJh63Kahrkp1h9hVDMdLU8a37Zz+IFucxyfA=",
>>>>>>> ac4d414 (Update & tmux/nvim/kicad thinkering)
        "owner": "hyprwm",
        "repo": "hyprutils",
<<<<<<< HEAD
        "rev": "72dfbf52967e4040693164319a027d8ac6315887",
||||||| parent of ac4d414 (Update & tmux/nvim/kicad thinkering)
        "rev": "3c895da64b0eb19870142196fa48c07090b441c4",
=======
        "rev": "6a8bc9d2a4451df12f5179dc0b1d2d46518a90ab",
>>>>>>> ac4d414 (Update & tmux/nvim/kicad thinkering)
        "type": "github"
      },
      "original": {
        "owner": "hyprwm",
        "repo": "hyprutils",
        "type": "github"
      }
    },
    "hyprwayland-scanner": {
      "inputs": {
        "nixpkgs": [
          "hyprland",
          "nixpkgs"
        ],
        "systems": [
          "hyprland",
          "systems"
        ]
      },
      "locked": {
        "lastModified": 1735493474,
        "narHash": "sha256-fktzv4NaqKm94VAkAoVqO/nqQlw+X0/tJJNAeCSfzK4=",
        "owner": "hyprwm",
        "repo": "hyprwayland-scanner",
        "rev": "de913476b59ee88685fdc018e77b8f6637a2ae0b",
        "type": "github"
      },
      "original": {
        "owner": "hyprwm",
        "repo": "hyprwayland-scanner",
        "type": "github"
      }
    },
    "nix-colors": {
      "inputs": {
        "base16-schemes": "base16-schemes",
        "nixpkgs-lib": "nixpkgs-lib"
      },
      "locked": {
        "lastModified": 1707825078,
        "narHash": "sha256-hTfge2J2W+42SZ7VHXkf4kjU+qzFqPeC9k66jAUBMHk=",
        "owner": "misterio77",
        "repo": "nix-colors",
        "rev": "b01f024090d2c4fc3152cd0cf12027a7b8453ba1",
        "type": "github"
      },
      "original": {
        "owner": "misterio77",
        "repo": "nix-colors",
        "type": "github"
      }
    },
    "nixgl": {
      "inputs": {
        "flake-utils": "flake-utils_2",
        "nixpkgs": "nixpkgs_3"
      },
      "locked": {
        "lastModified": 1713543440,
        "narHash": "sha256-lnzZQYG0+EXl/6NkGpyIz+FEOc/DSEG57AP1VsdeNrM=",
        "owner": "guibou",
        "repo": "nixGL",
        "rev": "310f8e49a149e4c9ea52f1adf70cdc768ec53f8a",
        "type": "github"
      },
      "original": {
        "owner": "guibou",
        "repo": "nixGL",
        "type": "github"
      }
    },
    "nixos-hardware": {
      "locked": {
<<<<<<< HEAD
        "lastModified": 1737590910,
        "narHash": "sha256-qM/y6Dtpu9Wmf5HqeZajQdn+cS0aljdYQQQnrvx+LJE=",
||||||| parent of ac4d414 (Update & tmux/nvim/kicad thinkering)
        "lastModified": 1736441705,
        "narHash": "sha256-OL7leZ6KBhcDF3nEKe4aZVfIm6xQpb1Kb+mxySIP93o=",
=======
        "lastModified": 1738816619,
        "narHash": "sha256-5yRlg48XmpcX5b5HesdGMOte+YuCy9rzQkJz+imcu6I=",
>>>>>>> ac4d414 (Update & tmux/nvim/kicad thinkering)
        "owner": "NixOs",
        "repo": "nixos-hardware",
<<<<<<< HEAD
        "rev": "9368027715d8dde4b84c79c374948b5306fdd2db",
||||||| parent of ac4d414 (Update & tmux/nvim/kicad thinkering)
        "rev": "8870dcaff63dfc6647fb10648b827e9d40b0a337",
=======
        "rev": "2eccff41bab80839b1d25b303b53d339fbb07087",
>>>>>>> ac4d414 (Update & tmux/nvim/kicad thinkering)
        "type": "github"
      },
      "original": {
        "owner": "NixOs",
        "ref": "master",
        "repo": "nixos-hardware",
        "type": "github"
      }
    },
    "nixpkgs": {
      "locked": {
        "lastModified": 1736012469,
        "narHash": "sha256-/qlNWm/IEVVH7GfgAIyP6EsVZI6zjAx1cV5zNyrs+rI=",
        "owner": "NixOS",
        "repo": "nixpkgs",
        "rev": "8f3e1f807051e32d8c95cd12b9b421623850a34d",
        "type": "github"
      },
      "original": {
        "owner": "NixOS",
        "ref": "nixos-unstable",
        "repo": "nixpkgs",
        "type": "github"
      }
    },
    "nixpkgs-lib": {
      "locked": {
        "lastModified": 1697935651,
        "narHash": "sha256-qOfWjQ2JQSQL15KLh6D7xQhx0qgZlYZTYlcEiRuAMMw=",
        "owner": "nix-community",
        "repo": "nixpkgs.lib",
        "rev": "e1e11fdbb01113d85c7f41cada9d2847660e3902",
        "type": "github"
      },
      "original": {
        "owner": "nix-community",
        "repo": "nixpkgs.lib",
        "type": "github"
      }
    },
    "nixpkgs-stable": {
      "locked": {
<<<<<<< HEAD
        "lastModified": 1737404927,
        "narHash": "sha256-e1WgPJpIYbOuokjgylcsuoEUCB4Jl2rQXa2LUD6XAG8=",
||||||| parent of ac4d414 (Update & tmux/nvim/kicad thinkering)
        "lastModified": 1736061677,
        "narHash": "sha256-DjkQPnkAfd7eB522PwnkGhOMuT9QVCZspDpJJYyOj60=",
        "owner": "NixOS",
        "repo": "nixpkgs",
        "rev": "cbd8ec4de4469333c82ff40d057350c30e9f7d36",
        "type": "github"
      },
      "original": {
        "owner": "NixOS",
        "ref": "nixos-24.11",
        "repo": "nixpkgs",
        "type": "github"
      }
    },
    "nixpkgs-stable_2": {
      "locked": {
        "lastModified": 1736684107,
        "narHash": "sha256-vH5mXxEvZeoGNkqKoCluhTGfoeXCZ1seYhC2pbMN0sg=",
=======
        "lastModified": 1738843498,
        "narHash": "sha256-7x+Q4xgFj9UxZZO9aUDCR8h4vyYut4zPUvfj3i+jBHE=",
>>>>>>> ac4d414 (Update & tmux/nvim/kicad thinkering)
        "owner": "nixos",
        "repo": "nixpkgs",
<<<<<<< HEAD
        "rev": "ae584d90cbd0396a422289ee3efb1f1c9d141dc3",
||||||| parent of ac4d414 (Update & tmux/nvim/kicad thinkering)
        "rev": "635e887b48521e912a516625eee7df6cf0eba9c1",
=======
        "rev": "f5a32fa27df91dfc4b762671a0e0a859a8a0058f",
>>>>>>> ac4d414 (Update & tmux/nvim/kicad thinkering)
        "type": "github"
      },
      "original": {
        "owner": "nixos",
        "ref": "nixos-24.11",
        "repo": "nixpkgs",
        "type": "github"
      }
    },
    "nixpkgs_2": {
      "locked": {
<<<<<<< HEAD
        "lastModified": 1737062831,
        "narHash": "sha256-Tbk1MZbtV2s5aG+iM99U8FqwxU/YNArMcWAv6clcsBc=",
||||||| parent of ac4d414 (Update & tmux/nvim/kicad thinkering)
        "lastModified": 1736012469,
        "narHash": "sha256-/qlNWm/IEVVH7GfgAIyP6EsVZI6zjAx1cV5zNyrs+rI=",
=======
        "lastModified": 1738410390,
        "narHash": "sha256-xvTo0Aw0+veek7hvEVLzErmJyQkEcRk6PSR4zsRQFEc=",
>>>>>>> ac4d414 (Update & tmux/nvim/kicad thinkering)
        "owner": "NixOS",
        "repo": "nixpkgs",
<<<<<<< HEAD
        "rev": "5df43628fdf08d642be8ba5b3625a6c70731c19c",
||||||| parent of ac4d414 (Update & tmux/nvim/kicad thinkering)
        "rev": "8f3e1f807051e32d8c95cd12b9b421623850a34d",
=======
        "rev": "3a228057f5b619feb3186e986dbe76278d707b6e",
>>>>>>> ac4d414 (Update & tmux/nvim/kicad thinkering)
        "type": "github"
      },
      "original": {
        "owner": "NixOS",
        "ref": "nixos-unstable",
        "repo": "nixpkgs",
        "type": "github"
      }
    },
    "nixpkgs_3": {
      "locked": {
        "lastModified": 1660551188,
        "narHash": "sha256-a1LARMMYQ8DPx1BgoI/UN4bXe12hhZkCNqdxNi6uS0g=",
        "owner": "nixos",
        "repo": "nixpkgs",
        "rev": "441dc5d512153039f19ef198e662e4f3dbb9fd65",
        "type": "github"
      },
      "original": {
        "owner": "nixos",
        "repo": "nixpkgs",
        "type": "github"
      }
    },
    "nixpkgs_4": {
      "locked": {
<<<<<<< HEAD
        "lastModified": 1737469691,
        "narHash": "sha256-nmKOgAU48S41dTPIXAq0AHZSehWUn6ZPrUKijHAMmIk=",
||||||| parent of ac4d414 (Update & tmux/nvim/kicad thinkering)
        "lastModified": 1736701207,
        "narHash": "sha256-jG/+MvjVY7SlTakzZ2fJ5dC3V1PrKKrUEOEE30jrOKA=",
=======
        "lastModified": 1739020877,
        "narHash": "sha256-mIvECo/NNdJJ/bXjNqIh8yeoSjVLAuDuTUzAo7dzs8Y=",
>>>>>>> ac4d414 (Update & tmux/nvim/kicad thinkering)
        "owner": "nixos",
        "repo": "nixpkgs",
<<<<<<< HEAD
        "rev": "9e4d5190a9482a1fb9d18adf0bdb83c6e506eaab",
||||||| parent of ac4d414 (Update & tmux/nvim/kicad thinkering)
        "rev": "ed4a395ea001367c1f13d34b1e01aa10290f67d6",
=======
        "rev": "a79cfe0ebd24952b580b1cf08cd906354996d547",
>>>>>>> ac4d414 (Update & tmux/nvim/kicad thinkering)
        "type": "github"
      },
      "original": {
        "owner": "nixos",
        "ref": "nixos-unstable",
        "repo": "nixpkgs",
        "type": "github"
      }
    },
    "pre-commit-hooks": {
      "inputs": {
        "flake-compat": "flake-compat",
        "gitignore": "gitignore",
        "nixpkgs": [
          "hyprland",
          "nixpkgs"
        ]
      },
      "locked": {
        "lastModified": 1737465171,
        "narHash": "sha256-R10v2hoJRLq8jcL4syVFag7nIGE7m13qO48wRIukWNg=",
        "owner": "cachix",
        "repo": "git-hooks.nix",
        "rev": "9364dc02281ce2d37a1f55b6e51f7c0f65a75f17",
        "type": "github"
      },
      "original": {
        "owner": "cachix",
        "repo": "git-hooks.nix",
        "type": "github"
      }
    },
    "root": {
      "inputs": {
        "catppuccin": "catppuccin",
        "flake-utils": "flake-utils",
        "home-manager": "home-manager",
        "hyprland": "hyprland",
        "nix-colors": "nix-colors",
        "nixgl": "nixgl",
        "nixos-hardware": "nixos-hardware",
        "nixpkgs": "nixpkgs_4",
        "nixpkgs-stable": "nixpkgs-stable"
      }
    },
    "systems": {
      "locked": {
        "lastModified": 1681028828,
        "narHash": "sha256-Vy1rq5AaRuLzOxct8nz4T6wlgyUR7zLU309k9mBC768=",
        "owner": "nix-systems",
        "repo": "default",
        "rev": "da67096a3b9bf56a91d16901293e51ba5b49a27e",
        "type": "github"
      },
      "original": {
        "owner": "nix-systems",
        "repo": "default",
        "type": "github"
      }
    },
    "systems_2": {
      "locked": {
        "lastModified": 1689347949,
        "narHash": "sha256-12tWmuL2zgBgZkdoB6qXZsgJEH9LR3oUgpaQq2RbI80=",
        "owner": "nix-systems",
        "repo": "default-linux",
        "rev": "31732fcf5e8fea42e59c2488ad31a0e651500f68",
        "type": "github"
      },
      "original": {
        "owner": "nix-systems",
        "repo": "default-linux",
        "type": "github"
      }
    },
    "xdph": {
      "inputs": {
        "hyprland-protocols": [
          "hyprland",
          "hyprland-protocols"
        ],
        "hyprlang": [
          "hyprland",
          "hyprlang"
        ],
        "hyprutils": [
          "hyprland",
          "hyprutils"
        ],
        "hyprwayland-scanner": [
          "hyprland",
          "hyprwayland-scanner"
        ],
        "nixpkgs": [
          "hyprland",
          "nixpkgs"
        ],
        "systems": [
          "hyprland",
          "systems"
        ]
      },
      "locked": {
<<<<<<< HEAD
        "lastModified": 1736421203,
        "narHash": "sha256-BNe2xnHsSsTZiHp8OWl9UUf697w0gVtzh67AYe+pP+g=",
||||||| parent of ac4d414 (Update & tmux/nvim/kicad thinkering)
        "lastModified": 1734907020,
        "narHash": "sha256-p6HxwpRKVl1KIiY5xrJdjcEeK3pbmc///UOyV6QER+w=",
=======
        "lastModified": 1737634991,
        "narHash": "sha256-dBAnb7Kbnier30cA7AgxVSxxARmxKZ1vHZT33THSIr8=",
>>>>>>> ac4d414 (Update & tmux/nvim/kicad thinkering)
        "owner": "hyprwm",
        "repo": "xdg-desktop-portal-hyprland",
<<<<<<< HEAD
        "rev": "7613351375de66ca0d56689e333d460e2db05454",
||||||| parent of ac4d414 (Update & tmux/nvim/kicad thinkering)
        "rev": "d7f18dda5e511749fa1511185db3536208fb1a63",
=======
        "rev": "e09dfe2726c8008f983e45a0aa1a3b7416aaeb8a",
>>>>>>> ac4d414 (Update & tmux/nvim/kicad thinkering)
        "type": "github"
      },
      "original": {
        "owner": "hyprwm",
        "repo": "xdg-desktop-portal-hyprland",
        "type": "github"
      }
    }
  },
  "root": "root",
  "version": 7
}
